
Microsoft Visual Studio Solution File, Format Version 12.00
# Visual Studio Version 17
VisualStudioVersion = 17.3.32929.385
MinimumVisualStudioVersion = 10.0.40219.1
Project("{FAE04EC0-301F-11D3-BF4B-00C04F79EFBC}") = "POMSelenium 1", "POMSelenium 1\POMSelenium 1.csproj", "{8E953A2A-1DC8-4B53-9910-286A5A7E7B89}"
EndProject
Global
	GlobalSection(SolutionConfigurationPlatforms) = preSolution
		Debug|Any CPU = Debug|Any CPU
		Release|Any CPU = Release|Any CPU
	EndGlobalSection
	GlobalSection(ProjectConfigurationPlatforms) = postSolution
		{8E953A2A-1DC8-4B53-9910-286A5A7E7B89}.Debug|Any CPU.ActiveCfg = Debug|Any CPU
		{8E953A2A-1DC8-4B53-9910-286A5A7E7B89}.Debug|Any CPU.Build.0 = Debug|Any CPU
		{8E953A2A-1DC8-4B53-9910-286A5A7E7B89}.Release|Any CPU.ActiveCfg = Release|Any CPU
		{8E953A2A-1DC8-4B53-9910-286A5A7E7B89}.Release|Any CPU.Build.0 = Release|Any CPU
	EndGlobalSection
	GlobalSection(SolutionProperties) = preSolution
		HideSolutionNode = FALSE
	EndGlobalSection
	GlobalSection(ExtensibilityGlobals) = postSolution
		SolutionGuid = {B1358B44-30E6-475A-A79E-C2142FD8D1AA}
	EndGlobalSection
EndGlobal
